
Microsoft Visual Studio Solution File, Format Version 12.00
# Visual Studio Version 17
VisualStudioVersion = 17.5.33516.290
MinimumVisualStudioVersion = 10.0.40219.1
Project("{FAE04EC0-301F-11D3-BF4B-00C04F79EFBC}") = "Atvd0908", "Atvd0908\Atvd0908.csproj", "{FA4AB077-CC7C-47AD-B689-46BB84FDCC1C}"
EndProject
Global
	GlobalSection(SolutionConfigurationPlatforms) = preSolution
		Debug|Any CPU = Debug|Any CPU
		Release|Any CPU = Release|Any CPU
	EndGlobalSection
	GlobalSection(ProjectConfigurationPlatforms) = postSolution
		{FA4AB077-CC7C-47AD-B689-46BB84FDCC1C}.Debug|Any CPU.ActiveCfg = Debug|Any CPU
		{FA4AB077-CC7C-47AD-B689-46BB84FDCC1C}.Debug|Any CPU.Build.0 = Debug|Any CPU
		{FA4AB077-CC7C-47AD-B689-46BB84FDCC1C}.Release|Any CPU.ActiveCfg = Release|Any CPU
		{FA4AB077-CC7C-47AD-B689-46BB84FDCC1C}.Release|Any CPU.Build.0 = Release|Any CPU
	EndGlobalSection
	GlobalSection(SolutionProperties) = preSolution
		HideSolutionNode = FALSE
	EndGlobalSection
	GlobalSection(ExtensibilityGlobals) = postSolution
		SolutionGuid = {ED079814-D0A4-4701-A6E9-3F8FF7EA104D}
	EndGlobalSection
EndGlobal
